
Microsoft Visual Studio Solution File, Format Version 12.00
# Visual Studio Version 16
VisualStudioVersion = 16.0.31729.503
MinimumVisualStudioVersion = 10.0.40219.1
Project("{FAE04EC0-301F-11D3-BF4B-00C04F79EFBC}") = "хз1", "хз1.csproj", "{15997A1A-DCEC-49A8-9E41-A21AB1FAFAED}"
EndProject
Global
	GlobalSection(SolutionConfigurationPlatforms) = preSolution
		Debug|Any CPU = Debug|Any CPU
		Release|Any CPU = Release|Any CPU
	EndGlobalSection
	GlobalSection(ProjectConfigurationPlatforms) = postSolution
		{15997A1A-DCEC-49A8-9E41-A21AB1FAFAED}.Debug|Any CPU.ActiveCfg = Debug|Any CPU
		{15997A1A-DCEC-49A8-9E41-A21AB1FAFAED}.Debug|Any CPU.Build.0 = Debug|Any CPU
		{15997A1A-DCEC-49A8-9E41-A21AB1FAFAED}.Release|Any CPU.ActiveCfg = Release|Any CPU
		{15997A1A-DCEC-49A8-9E41-A21AB1FAFAED}.Release|Any CPU.Build.0 = Release|Any CPU
	EndGlobalSection
	GlobalSection(SolutionProperties) = preSolution
		HideSolutionNode = FALSE
	EndGlobalSection
	GlobalSection(ExtensibilityGlobals) = postSolution
		SolutionGuid = {ADDA5CF7-CE76-41FF-B0BD-B7E37E114A3E}
	EndGlobalSection
EndGlobal
